{
  "generated_at": "2024-07-01T10:13:44.186576512Z",
  "version": "1.2.17",
  "files": [
    {
      "path": ".editorconfig"
    },
    {
      "path": ".github/FUNDING.yml"
    },
    {
      "path": ".github/auto_assign.yml"
    },
    {
      "path": ".github/issue_template.md"
    },
    {
      "path": ".github/pull_request_template.md"
    },
    {
      "path": ".github/renovate.json"
    },
    {
      "path": ".github/settings.yml"
    },
    {
      "path": ".github/workflows/autoassign.yml"
    },
    {
      "path": ".github/workflows/automerge.yml"
    },
    {
      "path": ".github/workflows/notify.yml"
    },
    {
      "path": ".github/workflows/stale.yml"
    },
    {
      "path": ".github/workflows/tag.yml"
    },
    {
      "path": "CODEOWNERS"
    },
    {
      "path": "CONTRIBUTING.md"
    },
    {
      "path": "LICENSE"
    }
  ]
}